
Microsoft Visual Studio Solution File, Format Version 12.00
# Visual Studio Version 17
VisualStudioVersion = 17.12.35707.178
MinimumVisualStudioVersion = 10.0.40219.1
Project("{FAE04EC0-301F-11D3-BF4B-00C04F79EFBC}") = "NTech.CDN", "NTech.CDN\NTech.CDN.csproj", "{CA142F63-AA95-4471-BC94-513044B0B5C7}"
EndProject
Project("{E53339B2-1760-4266-BCC7-CA923CBCF16C}") = "docker-compose", "docker-compose.dcproj", "{EEFBF95F-18AB-4816-BFC1-2B5B841B4F08}"
EndProject
Global
	GlobalSection(SolutionConfigurationPlatforms) = preSolution
		Debug|Any CPU = Debug|Any CPU
		Release|Any CPU = Release|Any CPU
	EndGlobalSection
	GlobalSection(ProjectConfigurationPlatforms) = postSolution
		{CA142F63-AA95-4471-BC94-513044B0B5C7}.Debug|Any CPU.ActiveCfg = Debug|Any CPU
		{CA142F63-AA95-4471-BC94-513044B0B5C7}.Debug|Any CPU.Build.0 = Debug|Any CPU
		{CA142F63-AA95-4471-BC94-513044B0B5C7}.Release|Any CPU.ActiveCfg = Release|Any CPU
		{CA142F63-AA95-4471-BC94-513044B0B5C7}.Release|Any CPU.Build.0 = Release|Any CPU
		{EEFBF95F-18AB-4816-BFC1-2B5B841B4F08}.Debug|Any CPU.ActiveCfg = Debug|Any CPU
		{EEFBF95F-18AB-4816-BFC1-2B5B841B4F08}.Debug|Any CPU.Build.0 = Debug|Any CPU
		{EEFBF95F-18AB-4816-BFC1-2B5B841B4F08}.Release|Any CPU.ActiveCfg = Release|Any CPU
		{EEFBF95F-18AB-4816-BFC1-2B5B841B4F08}.Release|Any CPU.Build.0 = Release|Any CPU
	EndGlobalSection
	GlobalSection(SolutionProperties) = preSolution
		HideSolutionNode = FALSE
	EndGlobalSection
	GlobalSection(ExtensibilityGlobals) = postSolution
		SolutionGuid = {B15744C9-FA7D-4BB0-9C51-8E9BA6FE37D9}
	EndGlobalSection
EndGlobal
